
Microsoft Visual Studio Solution File, Format Version 12.00
# Visual Studio Version 17
VisualStudioVersion = 17.3.32629.440
MinimumVisualStudioVersion = 10.0.40219.1
Project("{FAE04EC0-301F-11D3-BF4B-00C04F79EFBC}") = "ClassLibrary3", "ClassLibrary3\ClassLibrary3.csproj", "{EC1A0775-F54F-444F-B3C4-FEC25341F4CD}"
EndProject
Global
	GlobalSection(SolutionConfigurationPlatforms) = preSolution
		Debug|Any CPU = Debug|Any CPU
		Release|Any CPU = Release|Any CPU
	EndGlobalSection
	GlobalSection(ProjectConfigurationPlatforms) = postSolution
		{EC1A0775-F54F-444F-B3C4-FEC25341F4CD}.Debug|Any CPU.ActiveCfg = Debug|Any CPU
		{EC1A0775-F54F-444F-B3C4-FEC25341F4CD}.Debug|Any CPU.Build.0 = Debug|Any CPU
		{EC1A0775-F54F-444F-B3C4-FEC25341F4CD}.Release|Any CPU.ActiveCfg = Release|Any CPU
		{EC1A0775-F54F-444F-B3C4-FEC25341F4CD}.Release|Any CPU.Build.0 = Release|Any CPU
	EndGlobalSection
	GlobalSection(SolutionProperties) = preSolution
		HideSolutionNode = FALSE
	EndGlobalSection
	GlobalSection(ExtensibilityGlobals) = postSolution
		SolutionGuid = {6BAA52CB-7F15-4632-BDC3-BC93E39C4A10}
	EndGlobalSection
EndGlobal
